
Microsoft Visual Studio Solution File, Format Version 12.00
# Visual Studio 15
VisualStudioVersion = 15.0.28307.1525
MinimumVisualStudioVersion = 10.0.40219.1
Project("{FAE04EC0-301F-11D3-BF4B-00C04F79EFBC}") = "PairProgramming", "PairProgramming\PairProgramming.csproj", "{014BEDDA-4D27-4232-8B0D-F8DDE79EFAC0}"
EndProject
Global
	GlobalSection(SolutionConfigurationPlatforms) = preSolution
		Debug|Any CPU = Debug|Any CPU
		Release|Any CPU = Release|Any CPU
	EndGlobalSection
	GlobalSection(ProjectConfigurationPlatforms) = postSolution
		{014BEDDA-4D27-4232-8B0D-F8DDE79EFAC0}.Debug|Any CPU.ActiveCfg = Debug|Any CPU
		{014BEDDA-4D27-4232-8B0D-F8DDE79EFAC0}.Debug|Any CPU.Build.0 = Debug|Any CPU
		{014BEDDA-4D27-4232-8B0D-F8DDE79EFAC0}.Release|Any CPU.ActiveCfg = Release|Any CPU
		{014BEDDA-4D27-4232-8B0D-F8DDE79EFAC0}.Release|Any CPU.Build.0 = Release|Any CPU
	EndGlobalSection
	GlobalSection(SolutionProperties) = preSolution
		HideSolutionNode = FALSE
	EndGlobalSection
	GlobalSection(ExtensibilityGlobals) = postSolution
		SolutionGuid = {988F86D6-602D-415A-B154-E1B5C3CF60B8}
	EndGlobalSection
EndGlobal
